
Microsoft Visual Studio Solution File, Format Version 12.00
# Visual Studio Version 17
VisualStudioVersion = 17.10.35013.160
MinimumVisualStudioVersion = 10.0.40219.1
Project("{8BC9CEB8-8B4A-11D0-8D11-00A0C91BC942}") = "R5Reloaded", "R5Reloaded\R5Reloaded.vcxproj", "{3584E9AA-ADFE-49B8-8A60-A4E9BDABDBA1}"
EndProject
Global
	GlobalSection(SolutionConfigurationPlatforms) = preSolution
		Debug|x64 = Debug|x64
		Debug|x86 = Debug|x86
		Release|x64 = Release|x64
		Release|x86 = Release|x86
	EndGlobalSection
	GlobalSection(ProjectConfigurationPlatforms) = postSolution
		{3584E9AA-ADFE-49B8-8A60-A4E9BDABDBA1}.Debug|x64.ActiveCfg = Debug|x64
		{3584E9AA-ADFE-49B8-8A60-A4E9BDABDBA1}.Debug|x64.Build.0 = Debug|x64
		{3584E9AA-ADFE-49B8-8A60-A4E9BDABDBA1}.Debug|x86.ActiveCfg = Debug|Win32
		{3584E9AA-ADFE-49B8-8A60-A4E9BDABDBA1}.Debug|x86.Build.0 = Debug|Win32
		{3584E9AA-ADFE-49B8-8A60-A4E9BDABDBA1}.Release|x64.ActiveCfg = Release|x64
		{3584E9AA-ADFE-49B8-8A60-A4E9BDABDBA1}.Release|x64.Build.0 = Release|x64
		{3584E9AA-ADFE-49B8-8A60-A4E9BDABDBA1}.Release|x86.ActiveCfg = Release|Win32
		{3584E9AA-ADFE-49B8-8A60-A4E9BDABDBA1}.Release|x86.Build.0 = Release|Win32
	EndGlobalSection
	GlobalSection(SolutionProperties) = preSolution
		HideSolutionNode = FALSE
	EndGlobalSection
	GlobalSection(ExtensibilityGlobals) = postSolution
		SolutionGuid = {8116D79E-2828-4FC0-AAEC-E9B6C069E617}
	EndGlobalSection
EndGlobal
