<?xml version="1.0" encoding="utf-8"?>
<Project ToolsVersion="4.0" xmlns="http://schemas.microsoft.com/developer/msbuild/2003">
  <ItemGroup>
    <Filter Include="ソース ファイル">
      <UniqueIdentifier>{4FC737F1-C7A5-4376-A066-2A32D752A2FF}</UniqueIdentifier>
      <Extensions>cpp;c;cc;cxx;c++;cppm;ixx;def;odl;idl;hpj;bat;asm;asmx</Extensions>
    </Filter>
    <Filter Include="ImGui">
      <UniqueIdentifier>{b43f9e36-0327-4f9f-9618-0ce86baa8c8d}</UniqueIdentifier>
    </Filter>
    <Filter Include="Cheat">
      <UniqueIdentifier>{3c3d838e-4079-4a8b-988f-046e41e9af8d}</UniqueIdentifier>
    </Filter>
    <Filter Include="Cheat\SDK">
      <UniqueIdentifier>{8817789d-672c-4b42-a7bc-091a1aeb1e1e}</UniqueIdentifier>
    </Filter>
    <Filter Include="Cheat\SDK\GameSDK">
      <UniqueIdentifier>{a66610f4-d0a6-4263-bfb5-8b9a64c1c2a4}</UniqueIdentifier>
    </Filter>
    <Filter Include="Cheat\SDK\CPlayer">
      <UniqueIdentifier>{ea065658-d930-4942-9b38-0d59ee5d56d6}</UniqueIdentifier>
    </Filter>
    <Filter Include="Overlay">
      <UniqueIdentifier>{4f3e0196-16b1-44dc-a956-fc3b689ae20e}</UniqueIdentifier>
    </Filter>
    <Filter Include="Utils">
      <UniqueIdentifier>{d8865f79-72d8-42a5-b88b-5cb6cf10278c}</UniqueIdentifier>
    </Filter>
    <Filter Include="Utils\Memory">
      <UniqueIdentifier>{3bdd56aa-cabd-4a55-b633-673df1cdc621}</UniqueIdentifier>
    </Filter>
    <Filter Include="Utils\SimpleMath">
      <UniqueIdentifier>{68ba550d-2f15-422e-98aa-bb750b2d9f5b}</UniqueIdentifier>
    </Filter>
    <Filter Include="Utils\Config">
      <UniqueIdentifier>{1863b4e6-0487-41d4-9562-108af7e5f189}</UniqueIdentifier>
    </Filter>
    <Filter Include="ImGui\Font">
      <UniqueIdentifier>{e535f6e9-8406-402a-97a4-29b86921cdb4}</UniqueIdentifier>
    </Filter>
  </ItemGroup>
  <ItemGroup>
    <ClCompile Include="main.cpp">
      <Filter>ソース ファイル</Filter>
    </ClCompile>
    <ClCompile Include="Overlay\Overlay.cpp">
      <Filter>Overlay</Filter>
    </ClCompile>
    <ClCompile Include="Utils\Memory\Memory.cpp">
      <Filter>Utils\Memory</Filter>
    </ClCompile>
    <ClCompile Include="Utils\Config\Config.cpp">
      <Filter>Utils\Config</Filter>
    </ClCompile>
    <ClCompile Include="ImGui\Custom.cpp">
      <Filter>ImGui</Filter>
    </ClCompile>
    <ClCompile Include="ImGui\imgui.cpp">
      <Filter>ImGui</Filter>
    </ClCompile>
    <ClCompile Include="ImGui\imgui_demo.cpp">
      <Filter>ImGui</Filter>
    </ClCompile>
    <ClCompile Include="ImGui\imgui_draw.cpp">
      <Filter>ImGui</Filter>
    </ClCompile>
    <ClCompile Include="ImGui\imgui_freetype.cpp">
      <Filter>ImGui</Filter>
    </ClCompile>
    <ClCompile Include="ImGui\imgui_impl_dx11.cpp">
      <Filter>ImGui</Filter>
    </ClCompile>
    <ClCompile Include="ImGui\imgui_impl_win32.cpp">
      <Filter>ImGui</Filter>
    </ClCompile>
    <ClCompile Include="ImGui\imgui_tables.cpp">
      <Filter>ImGui</Filter>
    </ClCompile>
    <ClCompile Include="ImGui\imgui_widgets.cpp">
      <Filter>ImGui</Filter>
    </ClCompile>
    <ClCompile Include="Cheat\Features.cpp">
      <Filter>Cheat</Filter>
    </ClCompile>
    <ClCompile Include="Cheat\Render.cpp">
      <Filter>Cheat</Filter>
    </ClCompile>
    <ClCompile Include="Cheat\SDK\Game\GameSDK.cpp">
      <Filter>Cheat\SDK\GameSDK</Filter>
    </ClCompile>
    <ClCompile Include="Cheat\SDK\CPlayer\CPlayer.cpp">
      <Filter>Cheat\SDK\CPlayer</Filter>
    </ClCompile>
    <ClCompile Include="Utils\Utils.cpp">
      <Filter>Utils</Filter>
    </ClCompile>
  </ItemGroup>
  <ItemGroup>
    <ClInclude Include="Overlay\Overlay.h">
      <Filter>Overlay</Filter>
    </ClInclude>
    <ClInclude Include="Utils\Memory\Memory.h">
      <Filter>Utils\Memory</Filter>
    </ClInclude>
    <ClInclude Include="Utils\Config\Config.h">
      <Filter>Utils\Config</Filter>
    </ClInclude>
    <ClInclude Include="Utils\SimpleMath\SimpleMath.h">
      <Filter>Utils\SimpleMath</Filter>
    </ClInclude>
    <ClInclude Include="ImGui\Custom.h">
      <Filter>ImGui</Filter>
    </ClInclude>
    <ClInclude Include="ImGui\imconfig.h">
      <Filter>ImGui</Filter>
    </ClInclude>
    <ClInclude Include="ImGui\imgui.h">
      <Filter>ImGui</Filter>
    </ClInclude>
    <ClInclude Include="ImGui\imgui_freetype.h">
      <Filter>ImGui</Filter>
    </ClInclude>
    <ClInclude Include="ImGui\imgui_impl_dx11.h">
      <Filter>ImGui</Filter>
    </ClInclude>
    <ClInclude Include="ImGui\imgui_impl_win32.h">
      <Filter>ImGui</Filter>
    </ClInclude>
    <ClInclude Include="ImGui\imgui_internal.h">
      <Filter>ImGui</Filter>
    </ClInclude>
    <ClInclude Include="ImGui\imstb_rectpack.h">
      <Filter>ImGui</Filter>
    </ClInclude>
    <ClInclude Include="ImGui\imstb_textedit.h">
      <Filter>ImGui</Filter>
    </ClInclude>
    <ClInclude Include="ImGui\imstb_truetype.h">
      <Filter>ImGui</Filter>
    </ClInclude>
    <ClInclude Include="ImGui\Font\RobotoRegular.h">
      <Filter>ImGui\Font</Filter>
    </ClInclude>
    <ClInclude Include="Cheat\Cheat.h">
      <Filter>Cheat</Filter>
    </ClInclude>
    <ClInclude Include="Cheat\SDK\Game\GameSDK.h">
      <Filter>Cheat\SDK\GameSDK</Filter>
    </ClInclude>
    <ClInclude Include="Cheat\SDK\CPlayer\CPlayer.h">
      <Filter>Cheat\SDK\CPlayer</Filter>
    </ClInclude>
    <ClInclude Include="Utils\Utils.h">
      <Filter>Utils</Filter>
    </ClInclude>
  </ItemGroup>
  <ItemGroup>
    <None Include="Utils\SimpleMath\SimpleMath.inl">
      <Filter>Utils\SimpleMath</Filter>
    </None>
  </ItemGroup>
</Project>