<?xml version="1.0" encoding="utf-8"?>
<Project ToolsVersion="4.0" xmlns="http://schemas.microsoft.com/developer/msbuild/2003">
  <ItemGroup>
    <Filter Include="ソース ファイル">
      <UniqueIdentifier>{4FC737F1-C7A5-4376-A066-2A32D752A2FF}</UniqueIdentifier>
      <Extensions>cpp;c;cc;cxx;c++;cppm;ixx;def;odl;idl;hpj;bat;asm;asmx</Extensions>
    </Filter>
    <Filter Include="Cheat">
      <UniqueIdentifier>{a8b71886-b05c-4517-9757-3df4151cac52}</UniqueIdentifier>
    </Filter>
    <Filter Include="Framework">
      <UniqueIdentifier>{792a0ce9-08d0-447e-8403-ce9657740886}</UniqueIdentifier>
    </Filter>
    <Filter Include="Framework\ImGui">
      <UniqueIdentifier>{bb355ad8-2bdf-44ed-ab5e-8287840b83f1}</UniqueIdentifier>
    </Filter>
    <Filter Include="Framework\Overlay">
      <UniqueIdentifier>{d6de1512-29cf-4239-95c4-e8ceac11fdde}</UniqueIdentifier>
    </Filter>
    <Filter Include="Framework\Utils">
      <UniqueIdentifier>{0c5f09a2-137f-4ffd-b373-17f14178314d}</UniqueIdentifier>
    </Filter>
    <Filter Include="Framework\ImGui\Font">
      <UniqueIdentifier>{59c581c0-e844-4bee-b28e-27e29ea6af51}</UniqueIdentifier>
    </Filter>
    <Filter Include="Framework\Utils\Config">
      <UniqueIdentifier>{ed32741f-ae47-45d3-9c8e-5e36fe730cbf}</UniqueIdentifier>
    </Filter>
    <Filter Include="Framework\Utils\Memory">
      <UniqueIdentifier>{6656b63c-1ed7-48ec-ad69-ad056fdcf41c}</UniqueIdentifier>
    </Filter>
    <Filter Include="Framework\Utils\SimpleMath">
      <UniqueIdentifier>{d115d3a7-2f97-483c-8805-161e7229af0a}</UniqueIdentifier>
    </Filter>
    <Filter Include="Cheat\SDK">
      <UniqueIdentifier>{4b847478-19ee-44e0-896b-a4a957cb1f7b}</UniqueIdentifier>
    </Filter>
    <Filter Include="Cheat\SDK\CEntity">
      <UniqueIdentifier>{95695f8b-371f-472d-ab26-22b1dba422e1}</UniqueIdentifier>
    </Filter>
    <Filter Include="Cheat\SDK\GameSDK">
      <UniqueIdentifier>{050c3758-701b-4b28-a19e-34576560492e}</UniqueIdentifier>
    </Filter>
  </ItemGroup>
  <ItemGroup>
    <ClCompile Include="main.cpp">
      <Filter>ソース ファイル</Filter>
    </ClCompile>
    <ClCompile Include="Framework\ImGui\Custom.cpp">
      <Filter>Framework\ImGui</Filter>
    </ClCompile>
    <ClCompile Include="Framework\ImGui\imgui.cpp">
      <Filter>Framework\ImGui</Filter>
    </ClCompile>
    <ClCompile Include="Framework\ImGui\imgui_demo.cpp">
      <Filter>Framework\ImGui</Filter>
    </ClCompile>
    <ClCompile Include="Framework\ImGui\imgui_draw.cpp">
      <Filter>Framework\ImGui</Filter>
    </ClCompile>
    <ClCompile Include="Framework\ImGui\imgui_freetype.cpp">
      <Filter>Framework\ImGui</Filter>
    </ClCompile>
    <ClCompile Include="Framework\ImGui\imgui_impl_dx11.cpp">
      <Filter>Framework\ImGui</Filter>
    </ClCompile>
    <ClCompile Include="Framework\ImGui\imgui_impl_win32.cpp">
      <Filter>Framework\ImGui</Filter>
    </ClCompile>
    <ClCompile Include="Framework\ImGui\imgui_tables.cpp">
      <Filter>Framework\ImGui</Filter>
    </ClCompile>
    <ClCompile Include="Framework\ImGui\imgui_widgets.cpp">
      <Filter>Framework\ImGui</Filter>
    </ClCompile>
    <ClCompile Include="Framework\Overlay\Overlay.cpp">
      <Filter>Framework\Overlay</Filter>
    </ClCompile>
    <ClCompile Include="Framework\Utils\Memory\Memory.cpp">
      <Filter>Framework\Utils\Memory</Filter>
    </ClCompile>
    <ClCompile Include="Framework\Utils\Config\Config.cpp">
      <Filter>Framework\Utils\Config</Filter>
    </ClCompile>
    <ClCompile Include="Framework\Utils\Utils.cpp">
      <Filter>Framework\Utils</Filter>
    </ClCompile>
    <ClCompile Include="Cheat\Features.cpp">
      <Filter>Cheat</Filter>
    </ClCompile>
    <ClCompile Include="Cheat\Menu.cpp">
      <Filter>Cheat</Filter>
    </ClCompile>
    <ClCompile Include="Cheat\Visual.cpp">
      <Filter>Cheat</Filter>
    </ClCompile>
    <ClCompile Include="Cheat\SDK\CEntity\CEntity.cpp">
      <Filter>Cheat\SDK\CEntity</Filter>
    </ClCompile>
    <ClCompile Include="Cheat\SDK\GameSDK\GameSDK.cpp">
      <Filter>Cheat\SDK\GameSDK</Filter>
    </ClCompile>
  </ItemGroup>
  <ItemGroup>
    <ClInclude Include="Framework\ImGui\Font\RobotoRegular.h">
      <Filter>Framework\ImGui\Font</Filter>
    </ClInclude>
    <ClInclude Include="Framework\ImGui\Custom.h">
      <Filter>Framework\ImGui</Filter>
    </ClInclude>
    <ClInclude Include="Framework\ImGui\imconfig.h">
      <Filter>Framework\ImGui</Filter>
    </ClInclude>
    <ClInclude Include="Framework\ImGui\imgui.h">
      <Filter>Framework\ImGui</Filter>
    </ClInclude>
    <ClInclude Include="Framework\ImGui\imgui_freetype.h">
      <Filter>Framework\ImGui</Filter>
    </ClInclude>
    <ClInclude Include="Framework\ImGui\imgui_impl_dx11.h">
      <Filter>Framework\ImGui</Filter>
    </ClInclude>
    <ClInclude Include="Framework\ImGui\imgui_impl_win32.h">
      <Filter>Framework\ImGui</Filter>
    </ClInclude>
    <ClInclude Include="Framework\ImGui\imgui_internal.h">
      <Filter>Framework\ImGui</Filter>
    </ClInclude>
    <ClInclude Include="Framework\ImGui\imstb_rectpack.h">
      <Filter>Framework\ImGui</Filter>
    </ClInclude>
    <ClInclude Include="Framework\ImGui\imstb_textedit.h">
      <Filter>Framework\ImGui</Filter>
    </ClInclude>
    <ClInclude Include="Framework\ImGui\imstb_truetype.h">
      <Filter>Framework\ImGui</Filter>
    </ClInclude>
    <ClInclude Include="Framework\Overlay\Overlay.h">
      <Filter>Framework\Overlay</Filter>
    </ClInclude>
    <ClInclude Include="Framework\Utils\SimpleMath\SimpleMath.h">
      <Filter>Framework\Utils\SimpleMath</Filter>
    </ClInclude>
    <ClInclude Include="Framework\Utils\Memory\Memory.h">
      <Filter>Framework\Utils\Memory</Filter>
    </ClInclude>
    <ClInclude Include="Framework\Utils\Config\Config.h">
      <Filter>Framework\Utils\Config</Filter>
    </ClInclude>
    <ClInclude Include="Framework\Utils\Utils.h">
      <Filter>Framework\Utils</Filter>
    </ClInclude>
    <ClInclude Include="Cheat\FrameCore.h">
      <Filter>Cheat</Filter>
    </ClInclude>
    <ClInclude Include="Cheat\SDK\CEntity\CEntity.h">
      <Filter>Cheat\SDK\CEntity</Filter>
    </ClInclude>
    <ClInclude Include="Cheat\SDK\GameSDK\GameSDK.h">
      <Filter>Cheat\SDK\GameSDK</Filter>
    </ClInclude>
  </ItemGroup>
  <ItemGroup>
    <None Include="Framework\Utils\SimpleMath\SimpleMath.inl">
      <Filter>Framework\Utils\SimpleMath</Filter>
    </None>
  </ItemGroup>
</Project>